
Microsoft Visual Studio Solution File, Format Version 12.00
# Visual Studio Version 17
VisualStudioVersion = 17.14.36310.24 d17.14
MinimumVisualStudioVersion = 10.0.40219.1
Project("{FAE04EC0-301F-11D3-BF4B-00C04F79EFBC}") = "CommonUtil", "CommonUtil\CommonUtil.csproj", "{B504D99F-80FE-4276-8A81-01ED47BDD702}"
EndProject
Project("{FAE04EC0-301F-11D3-BF4B-00C04F79EFBC}") = "MVCExample1", "MVCExample1\MVCExample1.csproj", "{C5B22361-58FF-4B15-BE4E-A3FB4D4C0BD6}"
EndProject
Project("{FAE04EC0-301F-11D3-BF4B-00C04F79EFBC}") = "RazorApp1", "RazorApp1\RazorApp1.csproj", "{1F2A5A7D-32ED-4256-BF4A-829DE7BA661F}"
EndProject
Global
	GlobalSection(SolutionConfigurationPlatforms) = preSolution
		Debug|Any CPU = Debug|Any CPU
		Release|Any CPU = Release|Any CPU
	EndGlobalSection
	GlobalSection(ProjectConfigurationPlatforms) = postSolution
		{B504D99F-80FE-4276-8A81-01ED47BDD702}.Debug|Any CPU.ActiveCfg = Debug|Any CPU
		{B504D99F-80FE-4276-8A81-01ED47BDD702}.Debug|Any CPU.Build.0 = Debug|Any CPU
		{B504D99F-80FE-4276-8A81-01ED47BDD702}.Release|Any CPU.ActiveCfg = Release|Any CPU
		{B504D99F-80FE-4276-8A81-01ED47BDD702}.Release|Any CPU.Build.0 = Release|Any CPU
		{C5B22361-58FF-4B15-BE4E-A3FB4D4C0BD6}.Debug|Any CPU.ActiveCfg = Debug|Any CPU
		{C5B22361-58FF-4B15-BE4E-A3FB4D4C0BD6}.Debug|Any CPU.Build.0 = Debug|Any CPU
		{C5B22361-58FF-4B15-BE4E-A3FB4D4C0BD6}.Release|Any CPU.ActiveCfg = Release|Any CPU
		{C5B22361-58FF-4B15-BE4E-A3FB4D4C0BD6}.Release|Any CPU.Build.0 = Release|Any CPU
		{1F2A5A7D-32ED-4256-BF4A-829DE7BA661F}.Debug|Any CPU.ActiveCfg = Debug|Any CPU
		{1F2A5A7D-32ED-4256-BF4A-829DE7BA661F}.Debug|Any CPU.Build.0 = Debug|Any CPU
		{1F2A5A7D-32ED-4256-BF4A-829DE7BA661F}.Release|Any CPU.ActiveCfg = Release|Any CPU
		{1F2A5A7D-32ED-4256-BF4A-829DE7BA661F}.Release|Any CPU.Build.0 = Release|Any CPU
	EndGlobalSection
	GlobalSection(SolutionProperties) = preSolution
		HideSolutionNode = FALSE
	EndGlobalSection
	GlobalSection(ExtensibilityGlobals) = postSolution
		SolutionGuid = {2BDC5107-55EB-4D97-A7E7-A63829820FB4}
	EndGlobalSection
EndGlobal
