
Microsoft Visual Studio Solution File, Format Version 12.00
# Visual Studio Version 17
VisualStudioVersion = 17.14.36310.24 d17.14
MinimumVisualStudioVersion = 10.0.40219.1
Project("{FAE04EC0-301F-11D3-BF4B-00C04F79EFBC}") = "CalculatorLib", "CalculatorLib\CalculatorLib.csproj", "{58ADD184-304D-4D1C-90EB-31286C4527B5}"
EndProject
Project("{FAE04EC0-301F-11D3-BF4B-00C04F79EFBC}") = "CalculatorTests.MSTest", "CalculatorTests.MSTest\CalculatorTests.MSTest.csproj", "{1FEF125D-95B3-4A02-B48E-1A341A786933}"
EndProject
Global
	GlobalSection(SolutionConfigurationPlatforms) = preSolution
		Debug|Any CPU = Debug|Any CPU
		Release|Any CPU = Release|Any CPU
	EndGlobalSection
	GlobalSection(ProjectConfigurationPlatforms) = postSolution
		{58ADD184-304D-4D1C-90EB-31286C4527B5}.Debug|Any CPU.ActiveCfg = Debug|Any CPU
		{58ADD184-304D-4D1C-90EB-31286C4527B5}.Debug|Any CPU.Build.0 = Debug|Any CPU
		{58ADD184-304D-4D1C-90EB-31286C4527B5}.Release|Any CPU.ActiveCfg = Release|Any CPU
		{58ADD184-304D-4D1C-90EB-31286C4527B5}.Release|Any CPU.Build.0 = Release|Any CPU
		{1FEF125D-95B3-4A02-B48E-1A341A786933}.Debug|Any CPU.ActiveCfg = Debug|Any CPU
		{1FEF125D-95B3-4A02-B48E-1A341A786933}.Debug|Any CPU.Build.0 = Debug|Any CPU
		{1FEF125D-95B3-4A02-B48E-1A341A786933}.Release|Any CPU.ActiveCfg = Release|Any CPU
		{1FEF125D-95B3-4A02-B48E-1A341A786933}.Release|Any CPU.Build.0 = Release|Any CPU
	EndGlobalSection
	GlobalSection(SolutionProperties) = preSolution
		HideSolutionNode = FALSE
	EndGlobalSection
	GlobalSection(ExtensibilityGlobals) = postSolution
		SolutionGuid = {0169B73E-DBC2-408C-8F9C-8EAB63178B19}
	EndGlobalSection
EndGlobal
