
Microsoft Visual Studio Solution File, Format Version 12.00
# Visual Studio Version 17
VisualStudioVersion = 17.14.36310.24 d17.14
MinimumVisualStudioVersion = 10.0.40219.1
Project("{FAE04EC0-301F-11D3-BF4B-00C04F79EFBC}") = "Demo_Testing", "Demo_Testing\Demo_Testing.csproj", "{A1F9F6DE-05A2-48D3-983F-47D41ED55F16}"
EndProject
Project("{FAE04EC0-301F-11D3-BF4B-00C04F79EFBC}") = "MathLibrary", "MathLibrary\MathLibrary.csproj", "{ED70D3B2-2BE9-4134-8750-E1864AB8AB5F}"
EndProject
Global
	GlobalSection(SolutionConfigurationPlatforms) = preSolution
		Debug|Any CPU = Debug|Any CPU
		Release|Any CPU = Release|Any CPU
	EndGlobalSection
	GlobalSection(ProjectConfigurationPlatforms) = postSolution
		{A1F9F6DE-05A2-48D3-983F-47D41ED55F16}.Debug|Any CPU.ActiveCfg = Debug|Any CPU
		{A1F9F6DE-05A2-48D3-983F-47D41ED55F16}.Debug|Any CPU.Build.0 = Debug|Any CPU
		{A1F9F6DE-05A2-48D3-983F-47D41ED55F16}.Release|Any CPU.ActiveCfg = Release|Any CPU
		{A1F9F6DE-05A2-48D3-983F-47D41ED55F16}.Release|Any CPU.Build.0 = Release|Any CPU
		{ED70D3B2-2BE9-4134-8750-E1864AB8AB5F}.Debug|Any CPU.ActiveCfg = Debug|Any CPU
		{ED70D3B2-2BE9-4134-8750-E1864AB8AB5F}.Debug|Any CPU.Build.0 = Debug|Any CPU
		{ED70D3B2-2BE9-4134-8750-E1864AB8AB5F}.Release|Any CPU.ActiveCfg = Release|Any CPU
		{ED70D3B2-2BE9-4134-8750-E1864AB8AB5F}.Release|Any CPU.Build.0 = Release|Any CPU
	EndGlobalSection
	GlobalSection(SolutionProperties) = preSolution
		HideSolutionNode = FALSE
	EndGlobalSection
	GlobalSection(ExtensibilityGlobals) = postSolution
		SolutionGuid = {76E84AA6-FF35-46AD-8B83-95C8EDA56936}
	EndGlobalSection
EndGlobal
