Microsoft Visual Studio Solution File, Format Version 12.00
# Visual Studio Version 17
VisualStudioVersion = 17.5.2.0
MinimumVisualStudioVersion = 10.0.40219.1
Project("{2150E333-8FDC-42A3-9474-1A3956D46DE8}") = "MiddlewaresStaticApp", "MiddlewaresStaticApp", "{3358757A-AF65-8110-CD76-CB123925C47E}"
EndProject
Project("{FAE04EC0-301F-11D3-BF4B-00C04F79EFBC}") = "MiddlewaresStaticApp", "MiddlewaresStaticApp\MiddlewaresStaticApp\MiddlewaresStaticApp.csproj", "{09F96A9A-EC49-F732-3475-713C34C58E17}"
EndProject
Global
	GlobalSection(SolutionConfigurationPlatforms) = preSolution
		Debug|Any CPU = Debug|Any CPU
		Release|Any CPU = Release|Any CPU
	EndGlobalSection
	GlobalSection(ProjectConfigurationPlatforms) = postSolution
		{09F96A9A-EC49-F732-3475-713C34C58E17}.Debug|Any CPU.ActiveCfg = Debug|Any CPU
		{09F96A9A-EC49-F732-3475-713C34C58E17}.Debug|Any CPU.Build.0 = Debug|Any CPU
		{09F96A9A-EC49-F732-3475-713C34C58E17}.Release|Any CPU.ActiveCfg = Release|Any CPU
		{09F96A9A-EC49-F732-3475-713C34C58E17}.Release|Any CPU.Build.0 = Release|Any CPU
	EndGlobalSection
	GlobalSection(SolutionProperties) = preSolution
		HideSolutionNode = FALSE
	EndGlobalSection
	GlobalSection(NestedProjects) = preSolution
		{09F96A9A-EC49-F732-3475-713C34C58E17} = {3358757A-AF65-8110-CD76-CB123925C47E}
	EndGlobalSection
	GlobalSection(ExtensibilityGlobals) = postSolution
		SolutionGuid = {9E4AEC08-4D1C-4BA2-9866-1B75CCF474FE}
	EndGlobalSection
EndGlobal
